
Microsoft Visual Studio Solution File, Format Version 12.00
# Visual Studio Version 16
VisualStudioVersion = 16.0.29709.97
MinimumVisualStudioVersion = 10.0.40219.1
Project("{FAE04EC0-301F-11D3-BF4B-00C04F79EFBC}") = "GraphQLNull", "GraphQLNull.csproj", "{B3934E0E-305B-4388-BB32-EB3C96C24BED}"
EndProject
Global
	GlobalSection(SolutionConfigurationPlatforms) = preSolution
		Debug|Any CPU = Debug|Any CPU
		Release|Any CPU = Release|Any CPU
	EndGlobalSection
	GlobalSection(ProjectConfigurationPlatforms) = postSolution
		{B3934E0E-305B-4388-BB32-EB3C96C24BED}.Debug|Any CPU.ActiveCfg = Debug|Any CPU
		{B3934E0E-305B-4388-BB32-EB3C96C24BED}.Debug|Any CPU.Build.0 = Debug|Any CPU
		{B3934E0E-305B-4388-BB32-EB3C96C24BED}.Release|Any CPU.ActiveCfg = Release|Any CPU
		{B3934E0E-305B-4388-BB32-EB3C96C24BED}.Release|Any CPU.Build.0 = Release|Any CPU
	EndGlobalSection
	GlobalSection(SolutionProperties) = preSolution
		HideSolutionNode = FALSE
	EndGlobalSection
	GlobalSection(ExtensibilityGlobals) = postSolution
		SolutionGuid = {A92979A8-9DB6-4B97-952E-D716297BE562}
	EndGlobalSection
EndGlobal
